
Microsoft Visual Studio Solution File, Format Version 12.00
Project("{2150E333-8FDC-42A3-9474-1A3956D46DE8}") = "Solution Items", "Solution Items", "{6E80ABE7-3C1A-4EE0-BFA9-6BD089A5F05F}"
	ProjectSection(SolutionItems) = preProject
		docker-compose.yml = docker-compose.yml
	EndProjectSection
EndProject
Project("{FAE04EC0-301F-11D3-BF4B-00C04F79EFBC}") = "Fina.Web", "Fina.Web\Fina.Web.csproj", "{CB831EB0-E25F-4C7A-B86D-A3AC497A3616}"
EndProject
Project("{FAE04EC0-301F-11D3-BF4B-00C04F79EFBC}") = "Fina.Core", "Fina.Core\Fina.Core.csproj", "{FB87750A-8EB3-4B59-86EC-D27A119443DB}"
EndProject
Project("{FAE04EC0-301F-11D3-BF4B-00C04F79EFBC}") = "Fina.Api", "Fina.Api\Fina.Api.csproj", "{1A288A00-9204-40DE-B136-570300EAD095}"
EndProject
Global
	GlobalSection(SolutionConfigurationPlatforms) = preSolution
		Debug|Any CPU = Debug|Any CPU
		Release|Any CPU = Release|Any CPU
	EndGlobalSection
	GlobalSection(ProjectConfigurationPlatforms) = postSolution
		{CB831EB0-E25F-4C7A-B86D-A3AC497A3616}.Debug|Any CPU.ActiveCfg = Debug|Any CPU
		{CB831EB0-E25F-4C7A-B86D-A3AC497A3616}.Debug|Any CPU.Build.0 = Debug|Any CPU
		{CB831EB0-E25F-4C7A-B86D-A3AC497A3616}.Release|Any CPU.ActiveCfg = Release|Any CPU
		{CB831EB0-E25F-4C7A-B86D-A3AC497A3616}.Release|Any CPU.Build.0 = Release|Any CPU
		{FB87750A-8EB3-4B59-86EC-D27A119443DB}.Debug|Any CPU.ActiveCfg = Debug|Any CPU
		{FB87750A-8EB3-4B59-86EC-D27A119443DB}.Debug|Any CPU.Build.0 = Debug|Any CPU
		{FB87750A-8EB3-4B59-86EC-D27A119443DB}.Release|Any CPU.ActiveCfg = Release|Any CPU
		{FB87750A-8EB3-4B59-86EC-D27A119443DB}.Release|Any CPU.Build.0 = Release|Any CPU
		{1A288A00-9204-40DE-B136-570300EAD095}.Debug|Any CPU.ActiveCfg = Debug|Any CPU
		{1A288A00-9204-40DE-B136-570300EAD095}.Debug|Any CPU.Build.0 = Debug|Any CPU
		{1A288A00-9204-40DE-B136-570300EAD095}.Release|Any CPU.ActiveCfg = Release|Any CPU
		{1A288A00-9204-40DE-B136-570300EAD095}.Release|Any CPU.Build.0 = Release|Any CPU
	EndGlobalSection
EndGlobal
